# This file is automatically @generated by Cargo.
# It is not intended for manual editing.
version = 3

[[package]]
name = "ascii"
version = "0.7.1"
source = "registry+https://github.com/rust-lang/crates.io-index"
checksum = "3ae7d751998c189c1d4468cf0a39bb2eae052a9c58d50ebb3b9591ee3813ad50"

[[package]]
name = "byteorder"
version = "1.1.0"
source = "registry+https://github.com/rust-lang/crates.io-index"
checksum = "ff81738b726f5d099632ceaffe7fb65b90212e8dce59d518729e7e8634032d3d"

[[package]]
name = "cesu8"
version = "1.1.0"
source = "registry+https://github.com/rust-lang/crates.io-index"
checksum = "6d43a04d8753f35258c91f8ec639f792891f748a1edbd759cf1dcea3382ad83c"

[[package]]
name = "combine"
version = "2.5.1"
source = "registry+https://github.com/rust-lang/crates.io-index"
checksum = "f5c279781ad7b9b480fe265770ea5cb87fcbdc8ea1b2b6930d60a206e781dc6c"
dependencies = [
 "ascii",
 "byteorder",
]

[[package]]
name = "error-chain"
version = "0.10.0"
source = "registry+https://github.com/rust-lang/crates.io-index"
checksum = "d9435d864e017c3c6afeac1654189b06cdb491cf2ff73dbf0d73b0f292f42ff8"

[[package]]
name = "greetings"
version = "0.1.1"
dependencies = [
 "jni",
]

[[package]]
name = "jni"
version = "0.5.2"
source = "registry+https://github.com/rust-lang/crates.io-index"
checksum = "914c602e3a81f89761661fca05eb0e1f1834985aeae4074394e030c4181cfa07"
dependencies = [
 "cesu8",
 "combine",
 "error-chain",
 "jni-sys",
 "log",
]

[[package]]
name = "jni-sys"
version = "0.2.5"
source = "registry+https://github.com/rust-lang/crates.io-index"
checksum = "de0aaaba8809ab8d83a53fe2b313b996b79e8632b855eae9f70ad4323dca91b8"

[[package]]
name = "log"
version = "0.3.8"
source = "registry+https://github.com/rust-lang/crates.io-index"
checksum = "880f77541efa6e5cc74e76910c9884d9859683118839d6a1dc3b11e63512565b"
